// !$*UTF8*$!
{
	archiveVersion = 1;
	classes = {
	};
	objectVersion = 56;
	objects = {

/* Begin PBXBuildFile section */
		1733826429BC291E007FBC41 /* UserManager.swift in Sources */ = {isa = PBXBuildFile; fileRef = 1733826329BC291E007FBC41 /* UserManager.swift */; };
		1733826629BC29BF007FBC41 /* LandingViewModel.swift in Sources */ = {isa = PBXBuildFile; fileRef = 1733826529BC29BF007FBC41 /* LandingViewModel.swift */; };
		1733826A29BC4CE7007FBC41 /* WeatherView.swift in Sources */ = {isa = PBXBuildFile; fileRef = 1733826929BC4CE7007FBC41 /* WeatherView.swift */; };
		17625DEE29BC017C004CEEA9 /* WeatherAppApp.swift in Sources */ = {isa = PBXBuildFile; fileRef = 17625DED29BC017C004CEEA9 /* WeatherAppApp.swift */; };
		17625DF029BC017C004CEEA9 /* ContentView.swift in Sources */ = {isa = PBXBuildFile; fileRef = 17625DEF29BC017C004CEEA9 /* ContentView.swift */; };
		17625DF229BC017D004CEEA9 /* Assets.xcassets in Resources */ = {isa = PBXBuildFile; fileRef = 17625DF129BC017D004CEEA9 /* Assets.xcassets */; };
		17625DF529BC017D004CEEA9 /* Preview Assets.xcassets in Resources */ = {isa = PBXBuildFile; fileRef = 17625DF429BC017D004CEEA9 /* Preview Assets.xcassets */; };
		17625DFF29BC017D004CEEA9 /* WeatherAppTests.swift in Sources */ = {isa = PBXBuildFile; fileRef = 17625DFE29BC017D004CEEA9 /* WeatherAppTests.swift */; };
		17625E0929BC017E004CEEA9 /* WeatherAppUITests.swift in Sources */ = {isa = PBXBuildFile; fileRef = 17625E0829BC017E004CEEA9 /* WeatherAppUITests.swift */; };
		17625E0B29BC017E004CEEA9 /* WeatherAppUITestsLaunchTests.swift in Sources */ = {isa = PBXBuildFile; fileRef = 17625E0A29BC017E004CEEA9 /* WeatherAppUITestsLaunchTests.swift */; };
		17625E1C29BC0E24004CEEA9 /* Alamofire in Frameworks */ = {isa = PBXBuildFile; productRef = 17625E1B29BC0E24004CEEA9 /* Alamofire */; };
		17625E2129BC13F8004CEEA9 /* Auth0 in Frameworks */ = {isa = PBXBuildFile; productRef = 17625E2029BC13F8004CEEA9 /* Auth0 */; };
		17625E2329BC141F004CEEA9 /* Auth0.plist in Resources */ = {isa = PBXBuildFile; fileRef = 17625E2229BC141F004CEEA9 /* Auth0.plist */; };
		17625E2529BC16E1004CEEA9 /* LandingView.swift in Sources */ = {isa = PBXBuildFile; fileRef = 17625E2429BC16E1004CEEA9 /* LandingView.swift */; };
		17625E2729BC16EE004CEEA9 /* HomeView.swift in Sources */ = {isa = PBXBuildFile; fileRef = 17625E2629BC16EE004CEEA9 /* HomeView.swift */; };
		17625E2A29BC18CE004CEEA9 /* TabBarButton.swift in Sources */ = {isa = PBXBuildFile; fileRef = 17625E2929BC18CE004CEEA9 /* TabBarButton.swift */; };
		17625E2C29BC19A1004CEEA9 /* View+Utils.swift in Sources */ = {isa = PBXBuildFile; fileRef = 17625E2B29BC19A1004CEEA9 /* View+Utils.swift */; };
		17625E2E29BC19F9004CEEA9 /* TopTabBar.swift in Sources */ = {isa = PBXBuildFile; fileRef = 17625E2D29BC19F9004CEEA9 /* TopTabBar.swift */; };
/* End PBXBuildFile section */

/* Begin PBXContainerItemProxy section */
		17625DFB29BC017D004CEEA9 /* PBXContainerItemProxy */ = {
			isa = PBXContainerItemProxy;
			containerPortal = 17625DE229BC017C004CEEA9 /* Project object */;
			proxyType = 1;
			remoteGlobalIDString = 17625DE929BC017C004CEEA9;
			remoteInfo = WeatherApp;
		};
		17625E0529BC017E004CEEA9 /* PBXContainerItemProxy */ = {
			isa = PBXContainerItemProxy;
			containerPortal = 17625DE229BC017C004CEEA9 /* Project object */;
			proxyType = 1;
			remoteGlobalIDString = 17625DE929BC017C004CEEA9;
			remoteInfo = WeatherApp;
		};
/* End PBXContainerItemProxy section */

/* Begin PBXFileReference section */
		1733826329BC291E007FBC41 /* UserManager.swift */ = {isa = PBXFileReference; lastKnownFileType = sourcecode.swift; path = UserManager.swift; sourceTree = "<group>"; };
		1733826529BC29BF007FBC41 /* LandingViewModel.swift */ = {isa = PBXFileReference; lastKnownFileType = sourcecode.swift; path = LandingViewModel.swift; sourceTree = "<group>"; };
		1733826929BC4CE7007FBC41 /* WeatherView.swift */ = {isa = PBXFileReference; lastKnownFileType = sourcecode.swift; path = WeatherView.swift; sourceTree = "<group>"; };
		17625DEA29BC017C004CEEA9 /* WeatherApp.app */ = {isa = PBXFileReference; explicitFileType = wrapper.application; includeInIndex = 0; path = WeatherApp.app; sourceTree = BUILT_PRODUCTS_DIR; };
		17625DED29BC017C004CEEA9 /* WeatherAppApp.swift */ = {isa = PBXFileReference; lastKnownFileType = sourcecode.swift; path = WeatherAppApp.swift; sourceTree = "<group>"; };
		17625DEF29BC017C004CEEA9 /* ContentView.swift */ = {isa = PBXFileReference; lastKnownFileType = sourcecode.swift; path = ContentView.swift; sourceTree = "<group>"; };
		17625DF129BC017D004CEEA9 /* Assets.xcassets */ = {isa = PBXFileReference; lastKnownFileType = folder.assetcatalog; path = Assets.xcassets; sourceTree = "<group>"; };
		17625DF429BC017D004CEEA9 /* Preview Assets.xcassets */ = {isa = PBXFileReference; lastKnownFileType = folder.assetcatalog; path = "Preview Assets.xcassets"; sourceTree = "<group>"; };
		17625DFA29BC017D004CEEA9 /* WeatherAppTests.xctest */ = {isa = PBXFileReference; explicitFileType = wrapper.cfbundle; includeInIndex = 0; path = WeatherAppTests.xctest; sourceTree = BUILT_PRODUCTS_DIR; };
		17625DFE29BC017D004CEEA9 /* WeatherAppTests.swift */ = {isa = PBXFileReference; lastKnownFileType = sourcecode.swift; path = WeatherAppTests.swift; sourceTree = "<group>"; };
		17625E0429BC017E004CEEA9 /* WeatherAppUITests.xctest */ = {isa = PBXFileReference; explicitFileType = wrapper.cfbundle; includeInIndex = 0; path = WeatherAppUITests.xctest; sourceTree = BUILT_PRODUCTS_DIR; };
		17625E0829BC017E004CEEA9 /* WeatherAppUITests.swift */ = {isa = PBXFileReference; lastKnownFileType = sourcecode.swift; path = WeatherAppUITests.swift; sourceTree = "<group>"; };
		17625E0A29BC017E004CEEA9 /* WeatherAppUITestsLaunchTests.swift */ = {isa = PBXFileReference; lastKnownFileType = sourcecode.swift; path = WeatherAppUITestsLaunchTests.swift; sourceTree = "<group>"; };
		17625E1E29BC1355004CEEA9 /* Info.plist */ = {isa = PBXFileReference; lastKnownFileType = text.plist; path = Info.plist; sourceTree = "<group>"; };
		17625E2229BC141F004CEEA9 /* Auth0.plist */ = {isa = PBXFileReference; lastKnownFileType = text.plist.xml; path = Auth0.plist; sourceTree = "<group>"; };
		17625E2429BC16E1004CEEA9 /* LandingView.swift */ = {isa = PBXFileReference; lastKnownFileType = sourcecode.swift; path = LandingView.swift; sourceTree = "<group>"; };
		17625E2629BC16EE004CEEA9 /* HomeView.swift */ = {isa = PBXFileReference; lastKnownFileType = sourcecode.swift; path = HomeView.swift; sourceTree = "<group>"; };
		17625E2929BC18CE004CEEA9 /* TabBarButton.swift */ = {isa = PBXFileReference; lastKnownFileType = sourcecode.swift; path = TabBarButton.swift; sourceTree = "<group>"; };
		17625E2B29BC19A1004CEEA9 /* View+Utils.swift */ = {isa = PBXFileReference; lastKnownFileType = sourcecode.swift; path = "View+Utils.swift"; sourceTree = "<group>"; };
		17625E2D29BC19F9004CEEA9 /* TopTabBar.swift */ = {isa = PBXFileReference; lastKnownFileType = sourcecode.swift; path = TopTabBar.swift; sourceTree = "<group>"; };
/* End PBXFileReference section */

/* Begin PBXFrameworksBuildPhase section */
		17625DE729BC017C004CEEA9 /* Frameworks */ = {
			isa = PBXFrameworksBuildPhase;
			buildActionMask = 2147483647;
			files = (
				17625E1C29BC0E24004CEEA9 /* Alamofire in Frameworks */,
				17625E2129BC13F8004CEEA9 /* Auth0 in Frameworks */,
			);
			runOnlyForDeploymentPostprocessing = 0;
		};
		17625DF729BC017D004CEEA9 /* Frameworks */ = {
			isa = PBXFrameworksBuildPhase;
			buildActionMask = 2147483647;
			files = (
			);
			runOnlyForDeploymentPostprocessing = 0;
		};
		17625E0129BC017E004CEEA9 /* Frameworks */ = {
			isa = PBXFrameworksBuildPhase;
			buildActionMask = 2147483647;
			files = (
			);
			runOnlyForDeploymentPostprocessing = 0;
		};
/* End PBXFrameworksBuildPhase section */

/* Begin PBXGroup section */
		1733826729BC4CD0007FBC41 /* Home */ = {
			isa = PBXGroup;
			children = (
				17625E2629BC16EE004CEEA9 /* HomeView.swift */,
			);
			path = Home;
			sourceTree = "<group>";
		};
		1733826829BC4CD7007FBC41 /* Weather */ = {
			isa = PBXGroup;
			children = (
				1733826929BC4CE7007FBC41 /* WeatherView.swift */,
			);
			path = Weather;
			sourceTree = "<group>";
		};
		17625DE129BC017C004CEEA9 = {
			isa = PBXGroup;
			children = (
				17625DEC29BC017C004CEEA9 /* WeatherApp */,
				17625DFD29BC017D004CEEA9 /* WeatherAppTests */,
				17625E0729BC017E004CEEA9 /* WeatherAppUITests */,
				17625DEB29BC017C004CEEA9 /* Products */,
			);
			sourceTree = "<group>";
		};
		17625DEB29BC017C004CEEA9 /* Products */ = {
			isa = PBXGroup;
			children = (
				17625DEA29BC017C004CEEA9 /* WeatherApp.app */,
				17625DFA29BC017D004CEEA9 /* WeatherAppTests.xctest */,
				17625E0429BC017E004CEEA9 /* WeatherAppUITests.xctest */,
			);
			name = Products;
			sourceTree = "<group>";
		};
		17625DEC29BC017C004CEEA9 /* WeatherApp */ = {
			isa = PBXGroup;
			children = (
				17625E1E29BC1355004CEEA9 /* Info.plist */,
				17625E1929BC0DD3004CEEA9 /* Modules */,
				17625E1829BC0DCB004CEEA9 /* Shared */,
				17625DED29BC017C004CEEA9 /* WeatherAppApp.swift */,
				17625DEF29BC017C004CEEA9 /* ContentView.swift */,
				17625DF129BC017D004CEEA9 /* Assets.xcassets */,
				17625DF329BC017D004CEEA9 /* Preview Content */,
			);
			path = WeatherApp;
			sourceTree = "<group>";
		};
		17625DF329BC017D004CEEA9 /* Preview Content */ = {
			isa = PBXGroup;
			children = (
				17625DF429BC017D004CEEA9 /* Preview Assets.xcassets */,
			);
			path = "Preview Content";
			sourceTree = "<group>";
		};
		17625DFD29BC017D004CEEA9 /* WeatherAppTests */ = {
			isa = PBXGroup;
			children = (
				17625DFE29BC017D004CEEA9 /* WeatherAppTests.swift */,
			);
			path = WeatherAppTests;
			sourceTree = "<group>";
		};
		17625E0729BC017E004CEEA9 /* WeatherAppUITests */ = {
			isa = PBXGroup;
			children = (
				17625E0829BC017E004CEEA9 /* WeatherAppUITests.swift */,
				17625E0A29BC017E004CEEA9 /* WeatherAppUITestsLaunchTests.swift */,
			);
			path = WeatherAppUITests;
			sourceTree = "<group>";
		};
		17625E1829BC0DCB004CEEA9 /* Shared */ = {
			isa = PBXGroup;
			children = (
				17625E3029BC1DD9004CEEA9 /* Utils */,
				17625E2F29BC1DD1004CEEA9 /* Networking */,
				17625E2829BC18A6004CEEA9 /* Views */,
			);
			path = Shared;
			sourceTree = "<group>";
		};
		17625E1929BC0DD3004CEEA9 /* Modules */ = {
			isa = PBXGroup;
			children = (
				1733826829BC4CD7007FBC41 /* Weather */,
				1733826729BC4CD0007FBC41 /* Home */,
				17625E1D29BC0E2E004CEEA9 /* Landing */,
			);
			path = Modules;
			sourceTree = "<group>";
		};
		17625E1D29BC0E2E004CEEA9 /* Landing */ = {
			isa = PBXGroup;
			children = (
				17625E2229BC141F004CEEA9 /* Auth0.plist */,
				17625E2429BC16E1004CEEA9 /* LandingView.swift */,
				1733826529BC29BF007FBC41 /* LandingViewModel.swift */,
			);
			path = Landing;
			sourceTree = "<group>";
		};
		17625E2829BC18A6004CEEA9 /* Views */ = {
			isa = PBXGroup;
			children = (
				17625E2929BC18CE004CEEA9 /* TabBarButton.swift */,
				17625E2B29BC19A1004CEEA9 /* View+Utils.swift */,
				17625E2D29BC19F9004CEEA9 /* TopTabBar.swift */,
			);
			path = Views;
			sourceTree = "<group>";
		};
		17625E2F29BC1DD1004CEEA9 /* Networking */ = {
			isa = PBXGroup;
			children = (
			);
			path = Networking;
			sourceTree = "<group>";
		};
		17625E3029BC1DD9004CEEA9 /* Utils */ = {
			isa = PBXGroup;
			children = (
				1733826329BC291E007FBC41 /* UserManager.swift */,
			);
			path = Utils;
			sourceTree = "<group>";
		};
/* End PBXGroup section */

/* Begin PBXNativeTarget section */
		17625DE929BC017C004CEEA9 /* WeatherApp */ = {
			isa = PBXNativeTarget;
			buildConfigurationList = 17625E0E29BC017E004CEEA9 /* Build configuration list for PBXNativeTarget "WeatherApp" */;
			buildPhases = (
				17625DE629BC017C004CEEA9 /* Sources */,
				17625DE729BC017C004CEEA9 /* Frameworks */,
				17625DE829BC017C004CEEA9 /* Resources */,
				17625E1729BC01A7004CEEA9 /* ShellScript */,
			);
			buildRules = (
			);
			dependencies = (
			);
			name = WeatherApp;
			packageProductDependencies = (
				17625E1B29BC0E24004CEEA9 /* Alamofire */,
				17625E2029BC13F8004CEEA9 /* Auth0 */,
			);
			productName = WeatherApp;
			productReference = 17625DEA29BC017C004CEEA9 /* WeatherApp.app */;
			productType = "com.apple.product-type.application";
		};
		17625DF929BC017D004CEEA9 /* WeatherAppTests */ = {
			isa = PBXNativeTarget;
			buildConfigurationList = 17625E1129BC017E004CEEA9 /* Build configuration list for PBXNativeTarget "WeatherAppTests" */;
			buildPhases = (
				17625DF629BC017D004CEEA9 /* Sources */,
				17625DF729BC017D004CEEA9 /* Frameworks */,
				17625DF829BC017D004CEEA9 /* Resources */,
			);
			buildRules = (
			);
			dependencies = (
				17625DFC29BC017D004CEEA9 /* PBXTargetDependency */,
			);
			name = WeatherAppTests;
			productName = WeatherAppTests;
			productReference = 17625DFA29BC017D004CEEA9 /* WeatherAppTests.xctest */;
			productType = "com.apple.product-type.bundle.unit-test";
		};
		17625E0329BC017E004CEEA9 /* WeatherAppUITests */ = {
			isa = PBXNativeTarget;
			buildConfigurationList = 17625E1429BC017E004CEEA9 /* Build configuration list for PBXNativeTarget "WeatherAppUITests" */;
			buildPhases = (
				17625E0029BC017E004CEEA9 /* Sources */,
				17625E0129BC017E004CEEA9 /* Frameworks */,
				17625E0229BC017E004CEEA9 /* Resources */,
			);
			buildRules = (
			);
			dependencies = (
				17625E0629BC017E004CEEA9 /* PBXTargetDependency */,
			);
			name = WeatherAppUITests;
			productName = WeatherAppUITests;
			productReference = 17625E0429BC017E004CEEA9 /* WeatherAppUITests.xctest */;
			productType = "com.apple.product-type.bundle.ui-testing";
		};
/* End PBXNativeTarget section */

/* Begin PBXProject section */
		17625DE229BC017C004CEEA9 /* Project object */ = {
			isa = PBXProject;
			attributes = {
				BuildIndependentTargetsInParallel = 1;
				LastSwiftUpdateCheck = 1420;
				LastUpgradeCheck = 1420;
				TargetAttributes = {
					17625DE929BC017C004CEEA9 = {
						CreatedOnToolsVersion = 14.2;
					};
					17625DF929BC017D004CEEA9 = {
						CreatedOnToolsVersion = 14.2;
						TestTargetID = 17625DE929BC017C004CEEA9;
					};
					17625E0329BC017E004CEEA9 = {
						CreatedOnToolsVersion = 14.2;
						TestTargetID = 17625DE929BC017C004CEEA9;
					};
				};
			};
			buildConfigurationList = 17625DE529BC017C004CEEA9 /* Build configuration list for PBXProject "WeatherApp" */;
			compatibilityVersion = "Xcode 14.0";
			developmentRegion = en;
			hasScannedForEncodings = 0;
			knownRegions = (
				en,
				Base,
			);
			mainGroup = 17625DE129BC017C004CEEA9;
			packageReferences = (
				17625E1A29BC0E24004CEEA9 /* XCRemoteSwiftPackageReference "Alamofire" */,
				17625E1F29BC13F8004CEEA9 /* XCRemoteSwiftPackageReference "Auth0" */,
			);
			productRefGroup = 17625DEB29BC017C004CEEA9 /* Products */;
			projectDirPath = "";
			projectRoot = "";
			targets = (
				17625DE929BC017C004CEEA9 /* WeatherApp */,
				17625DF929BC017D004CEEA9 /* WeatherAppTests */,
				17625E0329BC017E004CEEA9 /* WeatherAppUITests */,
			);
		};
/* End PBXProject section */

/* Begin PBXResourcesBuildPhase section */
		17625DE829BC017C004CEEA9 /* Resources */ = {
			isa = PBXResourcesBuildPhase;
			buildActionMask = 2147483647;
			files = (
				17625DF529BC017D004CEEA9 /* Preview Assets.xcassets in Resources */,
				17625E2329BC141F004CEEA9 /* Auth0.plist in Resources */,
				17625DF229BC017D004CEEA9 /* Assets.xcassets in Resources */,
			);
			runOnlyForDeploymentPostprocessing = 0;
		};
		17625DF829BC017D004CEEA9 /* Resources */ = {
			isa = PBXResourcesBuildPhase;
			buildActionMask = 2147483647;
			files = (
			);
			runOnlyForDeploymentPostprocessing = 0;
		};
		17625E0229BC017E004CEEA9 /* Resources */ = {
			isa = PBXResourcesBuildPhase;
			buildActionMask = 2147483647;
			files = (
			);
			runOnlyForDeploymentPostprocessing = 0;
		};
/* End PBXResourcesBuildPhase section */

/* Begin PBXShellScriptBuildPhase section */
		17625E1729BC01A7004CEEA9 /* ShellScript */ = {
			isa = PBXShellScriptBuildPhase;
			buildActionMask = 2147483647;
			files = (
			);
			inputFileListPaths = (
			);
			inputPaths = (
			);
			outputFileListPaths = (
			);
			outputPaths = (
			);
			runOnlyForDeploymentPostprocessing = 0;
			shellPath = /bin/sh;
			shellScript = "if which swiftlint >/dev/null; then\n    swiftlint\nelse\n    echo \"warning: SwiftLint not installed, download from https://github.com/realm/SwiftLint\"\nfi\n";
		};
/* End PBXShellScriptBuildPhase section */

/* Begin PBXSourcesBuildPhase section */
		17625DE629BC017C004CEEA9 /* Sources */ = {
			isa = PBXSourcesBuildPhase;
			buildActionMask = 2147483647;
			files = (
				17625E2E29BC19F9004CEEA9 /* TopTabBar.swift in Sources */,
				17625DF029BC017C004CEEA9 /* ContentView.swift in Sources */,
				17625E2529BC16E1004CEEA9 /* LandingView.swift in Sources */,
				17625E2729BC16EE004CEEA9 /* HomeView.swift in Sources */,
				17625E2A29BC18CE004CEEA9 /* TabBarButton.swift in Sources */,
				1733826A29BC4CE7007FBC41 /* WeatherView.swift in Sources */,
				17625E2C29BC19A1004CEEA9 /* View+Utils.swift in Sources */,
				1733826429BC291E007FBC41 /* UserManager.swift in Sources */,
				1733826629BC29BF007FBC41 /* LandingViewModel.swift in Sources */,
				17625DEE29BC017C004CEEA9 /* WeatherAppApp.swift in Sources */,
			);
			runOnlyForDeploymentPostprocessing = 0;
		};
		17625DF629BC017D004CEEA9 /* Sources */ = {
			isa = PBXSourcesBuildPhase;
			buildActionMask = 2147483647;
			files = (
				17625DFF29BC017D004CEEA9 /* WeatherAppTests.swift in Sources */,
			);
			runOnlyForDeploymentPostprocessing = 0;
		};
		17625E0029BC017E004CEEA9 /* Sources */ = {
			isa = PBXSourcesBuildPhase;
			buildActionMask = 2147483647;
			files = (
				17625E0929BC017E004CEEA9 /* WeatherAppUITests.swift in Sources */,
				17625E0B29BC017E004CEEA9 /* WeatherAppUITestsLaunchTests.swift in Sources */,
			);
			runOnlyForDeploymentPostprocessing = 0;
		};
/* End PBXSourcesBuildPhase section */

/* Begin PBXTargetDependency section */
		17625DFC29BC017D004CEEA9 /* PBXTargetDependency */ = {
			isa = PBXTargetDependency;
			target = 17625DE929BC017C004CEEA9 /* WeatherApp */;
			targetProxy = 17625DFB29BC017D004CEEA9 /* PBXContainerItemProxy */;
		};
		17625E0629BC017E004CEEA9 /* PBXTargetDependency */ = {
			isa = PBXTargetDependency;
			target = 17625DE929BC017C004CEEA9 /* WeatherApp */;
			targetProxy = 17625E0529BC017E004CEEA9 /* PBXContainerItemProxy */;
		};
/* End PBXTargetDependency section */

/* Begin XCBuildConfiguration section */
		17625E0C29BC017E004CEEA9 /* Debug */ = {
			isa = XCBuildConfiguration;
			buildSettings = {
				ALWAYS_SEARCH_USER_PATHS = NO;
				CLANG_ANALYZER_NONNULL = YES;
				CLANG_ANALYZER_NUMBER_OBJECT_CONVERSION = YES_AGGRESSIVE;
				CLANG_CXX_LANGUAGE_STANDARD = "gnu++20";
				CLANG_ENABLE_MODULES = YES;
				CLANG_ENABLE_OBJC_ARC = YES;
				CLANG_ENABLE_OBJC_WEAK = YES;
				CLANG_WARN_BLOCK_CAPTURE_AUTORELEASING = YES;
				CLANG_WARN_BOOL_CONVERSION = YES;
				CLANG_WARN_COMMA = YES;
				CLANG_WARN_CONSTANT_CONVERSION = YES;
				CLANG_WARN_DEPRECATED_OBJC_IMPLEMENTATIONS = YES;
				CLANG_WARN_DIRECT_OBJC_ISA_USAGE = YES_ERROR;
				CLANG_WARN_DOCUMENTATION_COMMENTS = YES;
				CLANG_WARN_EMPTY_BODY = YES;
				CLANG_WARN_ENUM_CONVERSION = YES;
				CLANG_WARN_INFINITE_RECURSION = YES;
				CLANG_WARN_INT_CONVERSION = YES;
				CLANG_WARN_NON_LITERAL_NULL_CONVERSION = YES;
				CLANG_WARN_OBJC_IMPLICIT_RETAIN_SELF = YES;
				CLANG_WARN_OBJC_LITERAL_CONVERSION = YES;
				CLANG_WARN_OBJC_ROOT_CLASS = YES_ERROR;
				CLANG_WARN_QUOTED_INCLUDE_IN_FRAMEWORK_HEADER = YES;
				CLANG_WARN_RANGE_LOOP_ANALYSIS = YES;
				CLANG_WARN_STRICT_PROTOTYPES = YES;
				CLANG_WARN_SUSPICIOUS_MOVE = YES;
				CLANG_WARN_UNGUARDED_AVAILABILITY = YES_AGGRESSIVE;
				CLANG_WARN_UNREACHABLE_CODE = YES;
				CLANG_WARN__DUPLICATE_METHOD_MATCH = YES;
				COPY_PHASE_STRIP = NO;
				DEBUG_INFORMATION_FORMAT = dwarf;
				ENABLE_STRICT_OBJC_MSGSEND = YES;
				ENABLE_TESTABILITY = YES;
				GCC_C_LANGUAGE_STANDARD = gnu11;
				GCC_DYNAMIC_NO_PIC = NO;
				GCC_NO_COMMON_BLOCKS = YES;
				GCC_OPTIMIZATION_LEVEL = 0;
				GCC_PREPROCESSOR_DEFINITIONS = (
					"DEBUG=1",
					"$(inherited)",
				);
				GCC_WARN_64_TO_32_BIT_CONVERSION = YES;
				GCC_WARN_ABOUT_RETURN_TYPE = YES_ERROR;
				GCC_WARN_UNDECLARED_SELECTOR = YES;
				GCC_WARN_UNINITIALIZED_AUTOS = YES_AGGRESSIVE;
				GCC_WARN_UNUSED_FUNCTION = YES;
				GCC_WARN_UNUSED_VARIABLE = YES;
				IPHONEOS_DEPLOYMENT_TARGET = 16.2;
				MTL_ENABLE_DEBUG_INFO = INCLUDE_SOURCE;
				MTL_FAST_MATH = YES;
				ONLY_ACTIVE_ARCH = YES;
				SDKROOT = iphoneos;
				SWIFT_ACTIVE_COMPILATION_CONDITIONS = DEBUG;
				SWIFT_OPTIMIZATION_LEVEL = "-Onone";
			};
			name = Debug;
		};
		17625E0D29BC017E004CEEA9 /* Release */ = {
			isa = XCBuildConfiguration;
			buildSettings = {
				ALWAYS_SEARCH_USER_PATHS = NO;
				CLANG_ANALYZER_NONNULL = YES;
				CLANG_ANALYZER_NUMBER_OBJECT_CONVERSION = YES_AGGRESSIVE;
				CLANG_CXX_LANGUAGE_STANDARD = "gnu++20";
				CLANG_ENABLE_MODULES = YES;
				CLANG_ENABLE_OBJC_ARC = YES;
				CLANG_ENABLE_OBJC_WEAK = YES;
				CLANG_WARN_BLOCK_CAPTURE_AUTORELEASING = YES;
				CLANG_WARN_BOOL_CONVERSION = YES;
				CLANG_WARN_COMMA = YES;
				CLANG_WARN_CONSTANT_CONVERSION = YES;
				CLANG_WARN_DEPRECATED_OBJC_IMPLEMENTATIONS = YES;
				CLANG_WARN_DIRECT_OBJC_ISA_USAGE = YES_ERROR;
				CLANG_WARN_DOCUMENTATION_COMMENTS = YES;
				CLANG_WARN_EMPTY_BODY = YES;
				CLANG_WARN_ENUM_CONVERSION = YES;
				CLANG_WARN_INFINITE_RECURSION = YES;
				CLANG_WARN_INT_CONVERSION = YES;
				CLANG_WARN_NON_LITERAL_NULL_CONVERSION = YES;
				CLANG_WARN_OBJC_IMPLICIT_RETAIN_SELF = YES;
				CLANG_WARN_OBJC_LITERAL_CONVERSION = YES;
				CLANG_WARN_OBJC_ROOT_CLASS = YES_ERROR;
				CLANG_WARN_QUOTED_INCLUDE_IN_FRAMEWORK_HEADER = YES;
				CLANG_WARN_RANGE_LOOP_ANALYSIS = YES;
				CLANG_WARN_STRICT_PROTOTYPES = YES;
				CLANG_WARN_SUSPICIOUS_MOVE = YES;
				CLANG_WARN_UNGUARDED_AVAILABILITY = YES_AGGRESSIVE;
				CLANG_WARN_UNREACHABLE_CODE = YES;
				CLANG_WARN__DUPLICATE_METHOD_MATCH = YES;
				COPY_PHASE_STRIP = NO;
				DEBUG_INFORMATION_FORMAT = "dwarf-with-dsym";
				ENABLE_NS_ASSERTIONS = NO;
				ENABLE_STRICT_OBJC_MSGSEND = YES;
				GCC_C_LANGUAGE_STANDARD = gnu11;
				GCC_NO_COMMON_BLOCKS = YES;
				GCC_WARN_64_TO_32_BIT_CONVERSION = YES;
				GCC_WARN_ABOUT_RETURN_TYPE = YES_ERROR;
				GCC_WARN_UNDECLARED_SELECTOR = YES;
				GCC_WARN_UNINITIALIZED_AUTOS = YES_AGGRESSIVE;
				GCC_WARN_UNUSED_FUNCTION = YES;
				GCC_WARN_UNUSED_VARIABLE = YES;
				IPHONEOS_DEPLOYMENT_TARGET = 16.2;
				MTL_ENABLE_DEBUG_INFO = NO;
				MTL_FAST_MATH = YES;
				SDKROOT = iphoneos;
				SWIFT_COMPILATION_MODE = wholemodule;
				SWIFT_OPTIMIZATION_LEVEL = "-O";
				VALIDATE_PRODUCT = YES;
			};
			name = Release;
		};
		17625E0F29BC017E004CEEA9 /* Debug */ = {
			isa = XCBuildConfiguration;
			buildSettings = {
				ASSETCATALOG_COMPILER_APPICON_NAME = AppIcon;
				ASSETCATALOG_COMPILER_GLOBAL_ACCENT_COLOR_NAME = AccentColor;
				CODE_SIGN_STYLE = Automatic;
				CURRENT_PROJECT_VERSION = 1;
				DEVELOPMENT_ASSET_PATHS = "\"WeatherApp/Preview Content\"";
				DEVELOPMENT_TEAM = ZQJW29D346;
				ENABLE_PREVIEWS = YES;
				GENERATE_INFOPLIST_FILE = YES;
				INFOPLIST_FILE = WeatherApp/Info.plist;
				INFOPLIST_KEY_UIApplicationSceneManifest_Generation = YES;
				INFOPLIST_KEY_UIApplicationSupportsIndirectInputEvents = YES;
				INFOPLIST_KEY_UILaunchScreen_Generation = YES;
				INFOPLIST_KEY_UISupportedInterfaceOrientations_iPad = "UIInterfaceOrientationPortrait UIInterfaceOrientationPortraitUpsideDown UIInterfaceOrientationLandscapeLeft UIInterfaceOrientationLandscapeRight";
				INFOPLIST_KEY_UISupportedInterfaceOrientations_iPhone = "UIInterfaceOrientationPortrait UIInterfaceOrientationLandscapeLeft UIInterfaceOrientationLandscapeRight";
				LD_RUNPATH_SEARCH_PATHS = (
					"$(inherited)",
					"@executable_path/Frameworks",
				);
				MARKETING_VERSION = 1.0;
				PRODUCT_BUNDLE_IDENTIFIER = com.test.WeatherApp;
				PRODUCT_NAME = "$(TARGET_NAME)";
				SWIFT_EMIT_LOC_STRINGS = YES;
				SWIFT_VERSION = 5.0;
				TARGETED_DEVICE_FAMILY = "1,2";
			};
			name = Debug;
		};
		17625E1029BC017E004CEEA9 /* Release */ = {
			isa = XCBuildConfiguration;
			buildSettings = {
				ASSETCATALOG_COMPILER_APPICON_NAME = AppIcon;
				ASSETCATALOG_COMPILER_GLOBAL_ACCENT_COLOR_NAME = AccentColor;
				CODE_SIGN_STYLE = Automatic;
				CURRENT_PROJECT_VERSION = 1;
				DEVELOPMENT_ASSET_PATHS = "\"WeatherApp/Preview Content\"";
				DEVELOPMENT_TEAM = ZQJW29D346;
				ENABLE_PREVIEWS = YES;
				GENERATE_INFOPLIST_FILE = YES;
				INFOPLIST_FILE = WeatherApp/Info.plist;
				INFOPLIST_KEY_UIApplicationSceneManifest_Generation = YES;
				INFOPLIST_KEY_UIApplicationSupportsIndirectInputEvents = YES;
				INFOPLIST_KEY_UILaunchScreen_Generation = YES;
				INFOPLIST_KEY_UISupportedInterfaceOrientations_iPad = "UIInterfaceOrientationPortrait UIInterfaceOrientationPortraitUpsideDown UIInterfaceOrientationLandscapeLeft UIInterfaceOrientationLandscapeRight";
				INFOPLIST_KEY_UISupportedInterfaceOrientations_iPhone = "UIInterfaceOrientationPortrait UIInterfaceOrientationLandscapeLeft UIInterfaceOrientationLandscapeRight";
				LD_RUNPATH_SEARCH_PATHS = (
					"$(inherited)",
					"@executable_path/Frameworks",
				);
				MARKETING_VERSION = 1.0;
				PRODUCT_BUNDLE_IDENTIFIER = com.test.WeatherApp;
				PRODUCT_NAME = "$(TARGET_NAME)";
				SWIFT_EMIT_LOC_STRINGS = YES;
				SWIFT_VERSION = 5.0;
				TARGETED_DEVICE_FAMILY = "1,2";
			};
			name = Release;
		};
		17625E1229BC017E004CEEA9 /* Debug */ = {
			isa = XCBuildConfiguration;
			buildSettings = {
				ALWAYS_EMBED_SWIFT_STANDARD_LIBRARIES = YES;
				BUNDLE_LOADER = "$(TEST_HOST)";
				CODE_SIGN_STYLE = Automatic;
				CURRENT_PROJECT_VERSION = 1;
				DEVELOPMENT_TEAM = ZQJW29D346;
				GENERATE_INFOPLIST_FILE = YES;
				IPHONEOS_DEPLOYMENT_TARGET = 16.2;
				MARKETING_VERSION = 1.0;
				PRODUCT_BUNDLE_IDENTIFIER = com.test.WeatherAppTests;
				PRODUCT_NAME = "$(TARGET_NAME)";
				SWIFT_EMIT_LOC_STRINGS = NO;
				SWIFT_VERSION = 5.0;
				TARGETED_DEVICE_FAMILY = "1,2";
				TEST_HOST = "$(BUILT_PRODUCTS_DIR)/WeatherApp.app/$(BUNDLE_EXECUTABLE_FOLDER_PATH)/WeatherApp";
			};
			name = Debug;
		};
		17625E1329BC017E004CEEA9 /* Release */ = {
			isa = XCBuildConfiguration;
			buildSettings = {
				ALWAYS_EMBED_SWIFT_STANDARD_LIBRARIES = YES;
				BUNDLE_LOADER = "$(TEST_HOST)";
				CODE_SIGN_STYLE = Automatic;
				CURRENT_PROJECT_VERSION = 1;
				DEVELOPMENT_TEAM = ZQJW29D346;
				GENERATE_INFOPLIST_FILE = YES;
				IPHONEOS_DEPLOYMENT_TARGET = 16.2;
				MARKETING_VERSION = 1.0;
				PRODUCT_BUNDLE_IDENTIFIER = com.test.WeatherAppTests;
				PRODUCT_NAME = "$(TARGET_NAME)";
				SWIFT_EMIT_LOC_STRINGS = NO;
				SWIFT_VERSION = 5.0;
				TARGETED_DEVICE_FAMILY = "1,2";
				TEST_HOST = "$(BUILT_PRODUCTS_DIR)/WeatherApp.app/$(BUNDLE_EXECUTABLE_FOLDER_PATH)/WeatherApp";
			};
			name = Release;
		};
		17625E1529BC017E004CEEA9 /* Debug */ = {
			isa = XCBuildConfiguration;
			buildSettings = {
				ALWAYS_EMBED_SWIFT_STANDARD_LIBRARIES = YES;
				CODE_SIGN_STYLE = Automatic;
				CURRENT_PROJECT_VERSION = 1;
				DEVELOPMENT_TEAM = ZQJW29D346;
				GENERATE_INFOPLIST_FILE = YES;
				MARKETING_VERSION = 1.0;
				PRODUCT_BUNDLE_IDENTIFIER = com.test.WeatherAppUITests;
				PRODUCT_NAME = "$(TARGET_NAME)";
				SWIFT_EMIT_LOC_STRINGS = NO;
				SWIFT_VERSION = 5.0;
				TARGETED_DEVICE_FAMILY = "1,2";
				TEST_TARGET_NAME = WeatherApp;
			};
			name = Debug;
		};
		17625E1629BC017E004CEEA9 /* Release */ = {
			isa = XCBuildConfiguration;
			buildSettings = {
				ALWAYS_EMBED_SWIFT_STANDARD_LIBRARIES = YES;
				CODE_SIGN_STYLE = Automatic;
				CURRENT_PROJECT_VERSION = 1;
				DEVELOPMENT_TEAM = ZQJW29D346;
				GENERATE_INFOPLIST_FILE = YES;
				MARKETING_VERSION = 1.0;
				PRODUCT_BUNDLE_IDENTIFIER = com.test.WeatherAppUITests;
				PRODUCT_NAME = "$(TARGET_NAME)";
				SWIFT_EMIT_LOC_STRINGS = NO;
				SWIFT_VERSION = 5.0;
				TARGETED_DEVICE_FAMILY = "1,2";
				TEST_TARGET_NAME = WeatherApp;
			};
			name = Release;
		};
/* End XCBuildConfiguration section */

/* Begin XCConfigurationList section */
		17625DE529BC017C004CEEA9 /* Build configuration list for PBXProject "WeatherApp" */ = {
			isa = XCConfigurationList;
			buildConfigurations = (
				17625E0C29BC017E004CEEA9 /* Debug */,
				17625E0D29BC017E004CEEA9 /* Release */,
			);
			defaultConfigurationIsVisible = 0;
			defaultConfigurationName = Release;
		};
		17625E0E29BC017E004CEEA9 /* Build configuration list for PBXNativeTarget "WeatherApp" */ = {
			isa = XCConfigurationList;
			buildConfigurations = (
				17625E0F29BC017E004CEEA9 /* Debug */,
				17625E1029BC017E004CEEA9 /* Release */,
			);
			defaultConfigurationIsVisible = 0;
			defaultConfigurationName = Release;
		};
		17625E1129BC017E004CEEA9 /* Build configuration list for PBXNativeTarget "WeatherAppTests" */ = {
			isa = XCConfigurationList;
			buildConfigurations = (
				17625E1229BC017E004CEEA9 /* Debug */,
				17625E1329BC017E004CEEA9 /* Release */,
			);
			defaultConfigurationIsVisible = 0;
			defaultConfigurationName = Release;
		};
		17625E1429BC017E004CEEA9 /* Build configuration list for PBXNativeTarget "WeatherAppUITests" */ = {
			isa = XCConfigurationList;
			buildConfigurations = (
				17625E1529BC017E004CEEA9 /* Debug */,
				17625E1629BC017E004CEEA9 /* Release */,
			);
			defaultConfigurationIsVisible = 0;
			defaultConfigurationName = Release;
		};
/* End XCConfigurationList section */

/* Begin XCRemoteSwiftPackageReference section */
		17625E1A29BC0E24004CEEA9 /* XCRemoteSwiftPackageReference "Alamofire" */ = {
			isa = XCRemoteSwiftPackageReference;
			repositoryURL = "https://github.com/Alamofire/Alamofire.git";
			requirement = {
				branch = master;
				kind = branch;
			};
		};
		17625E1F29BC13F8004CEEA9 /* XCRemoteSwiftPackageReference "Auth0" */ = {
			isa = XCRemoteSwiftPackageReference;
			repositoryURL = "https://github.com/auth0/Auth0.swift";
			requirement = {
				kind = upToNextMajorVersion;
				minimumVersion = 2.0.0;
			};
		};
/* End XCRemoteSwiftPackageReference section */

/* Begin XCSwiftPackageProductDependency section */
		17625E1B29BC0E24004CEEA9 /* Alamofire */ = {
			isa = XCSwiftPackageProductDependency;
			package = 17625E1A29BC0E24004CEEA9 /* XCRemoteSwiftPackageReference "Alamofire" */;
			productName = Alamofire;
		};
		17625E2029BC13F8004CEEA9 /* Auth0 */ = {
			isa = XCSwiftPackageProductDependency;
			package = 17625E1F29BC13F8004CEEA9 /* XCRemoteSwiftPackageReference "Auth0" */;
			productName = Auth0;
		};
/* End XCSwiftPackageProductDependency section */
	};
	rootObject = 17625DE229BC017C004CEEA9 /* Project object */;
}
